# THIS IS AN AUTOGENERATED FILE. DO NOT EDIT THIS FILE DIRECTLY.
# yarn lockfile v1


datatables.net-dt@^1.10.20:
  version "1.10.20"
  resolved "https://registry.yarnpkg.com/datatables.net-dt/-/datatables.net-dt-1.10.20.tgz#998ab7d035e1ad52ad406451026ab968d1e63849"
  integrity sha512-D+65buDke96a3WlJo2re+SbcAVfjPh2nsFZG198Vbkz3i1wKPdB+wkV2K07qYIiIpypcXWOnD2pz3MvnUqM9Tw==
  dependencies:
    datatables.net "1.10.20"
    jquery ">=1.7"

datatables.net@1.10.20, datatables.net@^1.10.20:
  version "1.10.20"
  resolved "https://registry.yarnpkg.com/datatables.net/-/datatables.net-1.10.20.tgz#9d65ecc3c83cbe7baa4fa5a053405c8fe42c1350"
  integrity sha512-4E4S7tTU607N3h0fZPkGmAtr9mwy462u+VJ6gxYZ8MxcRIjZqHy3Dv1GNry7i3zQCktTdWbULVKBbkAJkuHEnQ==
  dependencies:
    jquery ">=1.7"

jquery@>=1.7:
  version "3.4.1"
  resolved "https://registry.yarnpkg.com/jquery/-/jquery-3.4.1.tgz#714f1f8d9dde4bdfa55764ba37ef214630d80ef2"
  integrity sha512-36+AdBzCL+y6qjw5Tx7HgzeGCzC81MDDgaUP8ld2zhx58HdqXGoBd+tHdrBMiyjGQs0Hxs/MLZTu/eHNJJuWPw==
